
Microsoft Visual Studio Solution File, Format Version 12.00
# Visual Studio Version 17
VisualStudioVersion = 17.6.33717.318
MinimumVisualStudioVersion = 10.0.40219.1
Project("{FAE04EC0-301F-11D3-BF4B-00C04F79EFBC}") = "wpf", "wpf\wpf.csproj", "{00A6A644-C738-428C-B5E8-914BD7E0B1ED}"
EndProject
Project("{2150E333-8FDC-42A3-9474-1A3956D46DE8}") = "Libs", "Libs", "{CBAC9F91-A22F-40C2-A642-920382CC3DA6}"
EndProject
Project("{FAE04EC0-301F-11D3-BF4B-00C04F79EFBC}") = "lc.spec_chart", "ExampleAudioSpectrogram3D\lc.spec_chart.csproj", "{9913ACF3-2C30-4187-A114-86FCC3A081D5}"
EndProject
Project("{FAE04EC0-301F-11D3-BF4B-00C04F79EFBC}") = "mus.viewer.network", "mus.viewer.network\mus.viewer.network.csproj", "{F3413BA9-B186-4437-A495-90CD638A3725}"
EndProject
Project("{FAE04EC0-301F-11D3-BF4B-00C04F79EFBC}") = "mus.UnitTest", "Mus.UnitTest\mus.UnitTest.csproj", "{5816E986-02AE-4401-8F25-4AB2B03FC329}"
EndProject
Project("{9A19103F-16F7-4668-BE54-9A1E7A4F7556}") = "TestProject1", "TestProject1\TestProject1.csproj", "{2D5B6EC7-61FF-41D2-B661-78CEFA9943D8}"
EndProject
Project("{FAE04EC0-301F-11D3-BF4B-00C04F79EFBC}") = "lc.xy_chart", "ExampleCursorProjectOnAxes\lc.xy_chart.csproj", "{AD39CB9B-C984-4E61-9FC8-AD3BC8FD7694}"
EndProject
Project("{FAE04EC0-301F-11D3-BF4B-00C04F79EFBC}") = "mus.viewer.database", "mus.viewer.database\mus.viewer.database.csproj", "{45C07A90-514E-4A03-B3E9-E840FF797F99}"
EndProject
Project("{FAE04EC0-301F-11D3-BF4B-00C04F79EFBC}") = "mus.viewer.db.sqlite", "mus.viewer.db.sqlite\mus.viewer.db.sqlite.csproj", "{6C06ECEE-8F20-4D77-8F6C-74D9A966EDA2}"
EndProject
Project("{2150E333-8FDC-42A3-9474-1A3956D46DE8}") = "Deploy", "Deploy", "{0AA487CA-DB20-41CA-A4FF-86E370B4E055}"
EndProject
Project("{54435603-DBB4-11D2-8724-00A0C9A8B90C}") = "Setup_musviewer", "Setup_musviewer\Setup_musviewer.vdproj", "{6EEF3AF8-1114-4D0D-AF5A-F25A3F6836DC}"
EndProject
Project("{FAE04EC0-301F-11D3-BF4B-00C04F79EFBC}") = "mus.settingsauth.console", "mus.settingsauth.console\mus.settingsauth.console.csproj", "{7743DF65-2843-4DA4-A1CE-68265DB277B3}"
EndProject
Global
	GlobalSection(SolutionConfigurationPlatforms) = preSolution
		Debug|Any CPU = Debug|Any CPU
		Debug|ARM = Debug|ARM
		Debug|ARM64 = Debug|ARM64
		Debug|x64 = Debug|x64
		Debug|x86 = Debug|x86
		Release|Any CPU = Release|Any CPU
		Release|ARM = Release|ARM
		Release|ARM64 = Release|ARM64
		Release|x64 = Release|x64
		Release|x86 = Release|x86
	EndGlobalSection
	GlobalSection(ProjectConfigurationPlatforms) = postSolution
		{00A6A644-C738-428C-B5E8-914BD7E0B1ED}.Debug|Any CPU.ActiveCfg = Debug|Any CPU
		{00A6A644-C738-428C-B5E8-914BD7E0B1ED}.Debug|Any CPU.Build.0 = Debug|Any CPU
		{00A6A644-C738-428C-B5E8-914BD7E0B1ED}.Debug|ARM.ActiveCfg = Debug|Any CPU
		{00A6A644-C738-428C-B5E8-914BD7E0B1ED}.Debug|ARM.Build.0 = Debug|Any CPU
		{00A6A644-C738-428C-B5E8-914BD7E0B1ED}.Debug|ARM64.ActiveCfg = Debug|Any CPU
		{00A6A644-C738-428C-B5E8-914BD7E0B1ED}.Debug|ARM64.Build.0 = Debug|Any CPU
		{00A6A644-C738-428C-B5E8-914BD7E0B1ED}.Debug|x64.ActiveCfg = Debug|Any CPU
		{00A6A644-C738-428C-B5E8-914BD7E0B1ED}.Debug|x64.Build.0 = Debug|Any CPU
		{00A6A644-C738-428C-B5E8-914BD7E0B1ED}.Debug|x86.ActiveCfg = Debug|Win32
		{00A6A644-C738-428C-B5E8-914BD7E0B1ED}.Debug|x86.Build.0 = Debug|Win32
		{00A6A644-C738-428C-B5E8-914BD7E0B1ED}.Release|Any CPU.ActiveCfg = Release|Any CPU
		{00A6A644-C738-428C-B5E8-914BD7E0B1ED}.Release|Any CPU.Build.0 = Release|Any CPU
		{00A6A644-C738-428C-B5E8-914BD7E0B1ED}.Release|ARM.ActiveCfg = Release|Any CPU
		{00A6A644-C738-428C-B5E8-914BD7E0B1ED}.Release|ARM.Build.0 = Release|Any CPU
		{00A6A644-C738-428C-B5E8-914BD7E0B1ED}.Release|ARM64.ActiveCfg = Release|Any CPU
		{00A6A644-C738-428C-B5E8-914BD7E0B1ED}.Release|ARM64.Build.0 = Release|Any CPU
		{00A6A644-C738-428C-B5E8-914BD7E0B1ED}.Release|x64.ActiveCfg = Release|Any CPU
		{00A6A644-C738-428C-B5E8-914BD7E0B1ED}.Release|x64.Build.0 = Release|Any CPU
		{00A6A644-C738-428C-B5E8-914BD7E0B1ED}.Release|x86.ActiveCfg = Release|Win32
		{00A6A644-C738-428C-B5E8-914BD7E0B1ED}.Release|x86.Build.0 = Release|Win32
		{9913ACF3-2C30-4187-A114-86FCC3A081D5}.Debug|Any CPU.ActiveCfg = Debug|Any CPU
		{9913ACF3-2C30-4187-A114-86FCC3A081D5}.Debug|Any CPU.Build.0 = Debug|Any CPU
		{9913ACF3-2C30-4187-A114-86FCC3A081D5}.Debug|ARM.ActiveCfg = Debug|Any CPU
		{9913ACF3-2C30-4187-A114-86FCC3A081D5}.Debug|ARM.Build.0 = Debug|Any CPU
		{9913ACF3-2C30-4187-A114-86FCC3A081D5}.Debug|ARM64.ActiveCfg = Debug|Any CPU
		{9913ACF3-2C30-4187-A114-86FCC3A081D5}.Debug|ARM64.Build.0 = Debug|Any CPU
		{9913ACF3-2C30-4187-A114-86FCC3A081D5}.Debug|x64.ActiveCfg = Debug|Any CPU
		{9913ACF3-2C30-4187-A114-86FCC3A081D5}.Debug|x64.Build.0 = Debug|Any CPU
		{9913ACF3-2C30-4187-A114-86FCC3A081D5}.Debug|x86.ActiveCfg = Debug|Any CPU
		{9913ACF3-2C30-4187-A114-86FCC3A081D5}.Debug|x86.Build.0 = Debug|Any CPU
		{9913ACF3-2C30-4187-A114-86FCC3A081D5}.Release|Any CPU.ActiveCfg = Release|Any CPU
		{9913ACF3-2C30-4187-A114-86FCC3A081D5}.Release|Any CPU.Build.0 = Release|Any CPU
		{9913ACF3-2C30-4187-A114-86FCC3A081D5}.Release|ARM.ActiveCfg = Release|Any CPU
		{9913ACF3-2C30-4187-A114-86FCC3A081D5}.Release|ARM.Build.0 = Release|Any CPU
		{9913ACF3-2C30-4187-A114-86FCC3A081D5}.Release|ARM64.ActiveCfg = Release|Any CPU
		{9913ACF3-2C30-4187-A114-86FCC3A081D5}.Release|ARM64.Build.0 = Release|Any CPU
		{9913ACF3-2C30-4187-A114-86FCC3A081D5}.Release|x64.ActiveCfg = Release|Any CPU
		{9913ACF3-2C30-4187-A114-86FCC3A081D5}.Release|x64.Build.0 = Release|Any CPU
		{9913ACF3-2C30-4187-A114-86FCC3A081D5}.Release|x86.ActiveCfg = Release|Any CPU
		{9913ACF3-2C30-4187-A114-86FCC3A081D5}.Release|x86.Build.0 = Release|Any CPU
		{F3413BA9-B186-4437-A495-90CD638A3725}.Debug|Any CPU.ActiveCfg = Debug|Any CPU
		{F3413BA9-B186-4437-A495-90CD638A3725}.Debug|Any CPU.Build.0 = Debug|Any CPU
		{F3413BA9-B186-4437-A495-90CD638A3725}.Debug|ARM.ActiveCfg = Debug|Any CPU
		{F3413BA9-B186-4437-A495-90CD638A3725}.Debug|ARM64.ActiveCfg = Debug|Any CPU
		{F3413BA9-B186-4437-A495-90CD638A3725}.Debug|x64.ActiveCfg = Debug|Any CPU
		{F3413BA9-B186-4437-A495-90CD638A3725}.Debug|x86.ActiveCfg = Debug|Any CPU
		{F3413BA9-B186-4437-A495-90CD638A3725}.Release|Any CPU.ActiveCfg = Release|Any CPU
		{F3413BA9-B186-4437-A495-90CD638A3725}.Release|Any CPU.Build.0 = Release|Any CPU
		{F3413BA9-B186-4437-A495-90CD638A3725}.Release|ARM.ActiveCfg = Release|Any CPU
		{F3413BA9-B186-4437-A495-90CD638A3725}.Release|ARM64.ActiveCfg = Release|Any CPU
		{F3413BA9-B186-4437-A495-90CD638A3725}.Release|x64.ActiveCfg = Release|Any CPU
		{F3413BA9-B186-4437-A495-90CD638A3725}.Release|x86.ActiveCfg = Release|Any CPU
		{5816E986-02AE-4401-8F25-4AB2B03FC329}.Debug|Any CPU.ActiveCfg = Debug|Any CPU
		{5816E986-02AE-4401-8F25-4AB2B03FC329}.Debug|Any CPU.Build.0 = Debug|Any CPU
		{5816E986-02AE-4401-8F25-4AB2B03FC329}.Debug|ARM.ActiveCfg = Debug|Any CPU
		{5816E986-02AE-4401-8F25-4AB2B03FC329}.Debug|ARM64.ActiveCfg = Debug|Any CPU
		{5816E986-02AE-4401-8F25-4AB2B03FC329}.Debug|x64.ActiveCfg = Debug|Any CPU
		{5816E986-02AE-4401-8F25-4AB2B03FC329}.Debug|x86.ActiveCfg = Debug|Any CPU
		{5816E986-02AE-4401-8F25-4AB2B03FC329}.Release|Any CPU.ActiveCfg = Release|Any CPU
		{5816E986-02AE-4401-8F25-4AB2B03FC329}.Release|Any CPU.Build.0 = Release|Any CPU
		{5816E986-02AE-4401-8F25-4AB2B03FC329}.Release|ARM.ActiveCfg = Release|Any CPU
		{5816E986-02AE-4401-8F25-4AB2B03FC329}.Release|ARM64.ActiveCfg = Release|Any CPU
		{5816E986-02AE-4401-8F25-4AB2B03FC329}.Release|x64.ActiveCfg = Release|Any CPU
		{5816E986-02AE-4401-8F25-4AB2B03FC329}.Release|x86.ActiveCfg = Release|Any CPU
		{2D5B6EC7-61FF-41D2-B661-78CEFA9943D8}.Debug|Any CPU.ActiveCfg = Debug|Any CPU
		{2D5B6EC7-61FF-41D2-B661-78CEFA9943D8}.Debug|Any CPU.Build.0 = Debug|Any CPU
		{2D5B6EC7-61FF-41D2-B661-78CEFA9943D8}.Debug|ARM.ActiveCfg = Debug|Any CPU
		{2D5B6EC7-61FF-41D2-B661-78CEFA9943D8}.Debug|ARM64.ActiveCfg = Debug|Any CPU
		{2D5B6EC7-61FF-41D2-B661-78CEFA9943D8}.Debug|x64.ActiveCfg = Debug|Any CPU
		{2D5B6EC7-61FF-41D2-B661-78CEFA9943D8}.Debug|x86.ActiveCfg = Debug|Any CPU
		{2D5B6EC7-61FF-41D2-B661-78CEFA9943D8}.Release|Any CPU.ActiveCfg = Release|Any CPU
		{2D5B6EC7-61FF-41D2-B661-78CEFA9943D8}.Release|Any CPU.Build.0 = Release|Any CPU
		{2D5B6EC7-61FF-41D2-B661-78CEFA9943D8}.Release|ARM.ActiveCfg = Release|Any CPU
		{2D5B6EC7-61FF-41D2-B661-78CEFA9943D8}.Release|ARM64.ActiveCfg = Release|Any CPU
		{2D5B6EC7-61FF-41D2-B661-78CEFA9943D8}.Release|x64.ActiveCfg = Release|Any CPU
		{2D5B6EC7-61FF-41D2-B661-78CEFA9943D8}.Release|x86.ActiveCfg = Release|Any CPU
		{AD39CB9B-C984-4E61-9FC8-AD3BC8FD7694}.Debug|Any CPU.ActiveCfg = Debug|Any CPU
		{AD39CB9B-C984-4E61-9FC8-AD3BC8FD7694}.Debug|Any CPU.Build.0 = Debug|Any CPU
		{AD39CB9B-C984-4E61-9FC8-AD3BC8FD7694}.Debug|ARM.ActiveCfg = Debug|Any CPU
		{AD39CB9B-C984-4E61-9FC8-AD3BC8FD7694}.Debug|ARM.Build.0 = Debug|Any CPU
		{AD39CB9B-C984-4E61-9FC8-AD3BC8FD7694}.Debug|ARM64.ActiveCfg = Debug|Any CPU
		{AD39CB9B-C984-4E61-9FC8-AD3BC8FD7694}.Debug|ARM64.Build.0 = Debug|Any CPU
		{AD39CB9B-C984-4E61-9FC8-AD3BC8FD7694}.Debug|x64.ActiveCfg = Debug|Any CPU
		{AD39CB9B-C984-4E61-9FC8-AD3BC8FD7694}.Debug|x64.Build.0 = Debug|Any CPU
		{AD39CB9B-C984-4E61-9FC8-AD3BC8FD7694}.Debug|x86.ActiveCfg = Debug|Any CPU
		{AD39CB9B-C984-4E61-9FC8-AD3BC8FD7694}.Debug|x86.Build.0 = Debug|Any CPU
		{AD39CB9B-C984-4E61-9FC8-AD3BC8FD7694}.Release|Any CPU.ActiveCfg = Release|Any CPU
		{AD39CB9B-C984-4E61-9FC8-AD3BC8FD7694}.Release|Any CPU.Build.0 = Release|Any CPU
		{AD39CB9B-C984-4E61-9FC8-AD3BC8FD7694}.Release|ARM.ActiveCfg = Release|Any CPU
		{AD39CB9B-C984-4E61-9FC8-AD3BC8FD7694}.Release|ARM.Build.0 = Release|Any CPU
		{AD39CB9B-C984-4E61-9FC8-AD3BC8FD7694}.Release|ARM64.ActiveCfg = Release|Any CPU
		{AD39CB9B-C984-4E61-9FC8-AD3BC8FD7694}.Release|ARM64.Build.0 = Release|Any CPU
		{AD39CB9B-C984-4E61-9FC8-AD3BC8FD7694}.Release|x64.ActiveCfg = Release|Any CPU
		{AD39CB9B-C984-4E61-9FC8-AD3BC8FD7694}.Release|x64.Build.0 = Release|Any CPU
		{AD39CB9B-C984-4E61-9FC8-AD3BC8FD7694}.Release|x86.ActiveCfg = Release|Any CPU
		{AD39CB9B-C984-4E61-9FC8-AD3BC8FD7694}.Release|x86.Build.0 = Release|Any CPU
		{45C07A90-514E-4A03-B3E9-E840FF797F99}.Debug|Any CPU.ActiveCfg = Debug|Any CPU
		{45C07A90-514E-4A03-B3E9-E840FF797F99}.Debug|Any CPU.Build.0 = Debug|Any CPU
		{45C07A90-514E-4A03-B3E9-E840FF797F99}.Debug|ARM.ActiveCfg = Debug|Any CPU
		{45C07A90-514E-4A03-B3E9-E840FF797F99}.Debug|ARM64.ActiveCfg = Debug|Any CPU
		{45C07A90-514E-4A03-B3E9-E840FF797F99}.Debug|x64.ActiveCfg = Debug|Any CPU
		{45C07A90-514E-4A03-B3E9-E840FF797F99}.Debug|x86.ActiveCfg = Debug|Any CPU
		{45C07A90-514E-4A03-B3E9-E840FF797F99}.Release|Any CPU.ActiveCfg = Release|Any CPU
		{45C07A90-514E-4A03-B3E9-E840FF797F99}.Release|Any CPU.Build.0 = Release|Any CPU
		{45C07A90-514E-4A03-B3E9-E840FF797F99}.Release|ARM.ActiveCfg = Release|Any CPU
		{45C07A90-514E-4A03-B3E9-E840FF797F99}.Release|ARM64.ActiveCfg = Release|Any CPU
		{45C07A90-514E-4A03-B3E9-E840FF797F99}.Release|x64.ActiveCfg = Release|Any CPU
		{45C07A90-514E-4A03-B3E9-E840FF797F99}.Release|x86.ActiveCfg = Release|Any CPU
		{6C06ECEE-8F20-4D77-8F6C-74D9A966EDA2}.Debug|Any CPU.ActiveCfg = Debug|Any CPU
		{6C06ECEE-8F20-4D77-8F6C-74D9A966EDA2}.Debug|Any CPU.Build.0 = Debug|Any CPU
		{6C06ECEE-8F20-4D77-8F6C-74D9A966EDA2}.Debug|ARM.ActiveCfg = Debug|Any CPU
		{6C06ECEE-8F20-4D77-8F6C-74D9A966EDA2}.Debug|ARM.Build.0 = Debug|Any CPU
		{6C06ECEE-8F20-4D77-8F6C-74D9A966EDA2}.Debug|ARM64.ActiveCfg = Debug|Any CPU
		{6C06ECEE-8F20-4D77-8F6C-74D9A966EDA2}.Debug|ARM64.Build.0 = Debug|Any CPU
		{6C06ECEE-8F20-4D77-8F6C-74D9A966EDA2}.Debug|x64.ActiveCfg = Debug|Any CPU
		{6C06ECEE-8F20-4D77-8F6C-74D9A966EDA2}.Debug|x64.Build.0 = Debug|Any CPU
		{6C06ECEE-8F20-4D77-8F6C-74D9A966EDA2}.Debug|x86.ActiveCfg = Debug|Any CPU
		{6C06ECEE-8F20-4D77-8F6C-74D9A966EDA2}.Debug|x86.Build.0 = Debug|Any CPU
		{6C06ECEE-8F20-4D77-8F6C-74D9A966EDA2}.Release|Any CPU.ActiveCfg = Release|Any CPU
		{6C06ECEE-8F20-4D77-8F6C-74D9A966EDA2}.Release|Any CPU.Build.0 = Release|Any CPU
		{6C06ECEE-8F20-4D77-8F6C-74D9A966EDA2}.Release|ARM.ActiveCfg = Release|Any CPU
		{6C06ECEE-8F20-4D77-8F6C-74D9A966EDA2}.Release|ARM.Build.0 = Release|Any CPU
		{6C06ECEE-8F20-4D77-8F6C-74D9A966EDA2}.Release|ARM64.ActiveCfg = Release|Any CPU
		{6C06ECEE-8F20-4D77-8F6C-74D9A966EDA2}.Release|ARM64.Build.0 = Release|Any CPU
		{6C06ECEE-8F20-4D77-8F6C-74D9A966EDA2}.Release|x64.ActiveCfg = Release|Any CPU
		{6C06ECEE-8F20-4D77-8F6C-74D9A966EDA2}.Release|x64.Build.0 = Release|Any CPU
		{6C06ECEE-8F20-4D77-8F6C-74D9A966EDA2}.Release|x86.ActiveCfg = Release|Any CPU
		{6C06ECEE-8F20-4D77-8F6C-74D9A966EDA2}.Release|x86.Build.0 = Release|Any CPU
		{6EEF3AF8-1114-4D0D-AF5A-F25A3F6836DC}.Debug|Any CPU.ActiveCfg = Release
		{6EEF3AF8-1114-4D0D-AF5A-F25A3F6836DC}.Debug|ARM.ActiveCfg = Debug
		{6EEF3AF8-1114-4D0D-AF5A-F25A3F6836DC}.Debug|ARM64.ActiveCfg = Debug
		{6EEF3AF8-1114-4D0D-AF5A-F25A3F6836DC}.Debug|x64.ActiveCfg = Debug
		{6EEF3AF8-1114-4D0D-AF5A-F25A3F6836DC}.Debug|x86.ActiveCfg = Debug
		{6EEF3AF8-1114-4D0D-AF5A-F25A3F6836DC}.Release|Any CPU.ActiveCfg = Release
		{6EEF3AF8-1114-4D0D-AF5A-F25A3F6836DC}.Release|ARM.ActiveCfg = Release
		{6EEF3AF8-1114-4D0D-AF5A-F25A3F6836DC}.Release|ARM64.ActiveCfg = Release
		{6EEF3AF8-1114-4D0D-AF5A-F25A3F6836DC}.Release|x64.ActiveCfg = Release
		{6EEF3AF8-1114-4D0D-AF5A-F25A3F6836DC}.Release|x86.ActiveCfg = Release
		{7743DF65-2843-4DA4-A1CE-68265DB277B3}.Debug|Any CPU.ActiveCfg = Debug|Any CPU
		{7743DF65-2843-4DA4-A1CE-68265DB277B3}.Debug|Any CPU.Build.0 = Debug|Any CPU
		{7743DF65-2843-4DA4-A1CE-68265DB277B3}.Debug|ARM.ActiveCfg = Debug|Any CPU
		{7743DF65-2843-4DA4-A1CE-68265DB277B3}.Debug|ARM.Build.0 = Debug|Any CPU
		{7743DF65-2843-4DA4-A1CE-68265DB277B3}.Debug|ARM64.ActiveCfg = Debug|Any CPU
		{7743DF65-2843-4DA4-A1CE-68265DB277B3}.Debug|ARM64.Build.0 = Debug|Any CPU
		{7743DF65-2843-4DA4-A1CE-68265DB277B3}.Debug|x64.ActiveCfg = Debug|Any CPU
		{7743DF65-2843-4DA4-A1CE-68265DB277B3}.Debug|x64.Build.0 = Debug|Any CPU
		{7743DF65-2843-4DA4-A1CE-68265DB277B3}.Debug|x86.ActiveCfg = Debug|Any CPU
		{7743DF65-2843-4DA4-A1CE-68265DB277B3}.Debug|x86.Build.0 = Debug|Any CPU
		{7743DF65-2843-4DA4-A1CE-68265DB277B3}.Release|Any CPU.ActiveCfg = Release|Any CPU
		{7743DF65-2843-4DA4-A1CE-68265DB277B3}.Release|Any CPU.Build.0 = Release|Any CPU
		{7743DF65-2843-4DA4-A1CE-68265DB277B3}.Release|ARM.ActiveCfg = Release|Any CPU
		{7743DF65-2843-4DA4-A1CE-68265DB277B3}.Release|ARM.Build.0 = Release|Any CPU
		{7743DF65-2843-4DA4-A1CE-68265DB277B3}.Release|ARM64.ActiveCfg = Release|Any CPU
		{7743DF65-2843-4DA4-A1CE-68265DB277B3}.Release|ARM64.Build.0 = Release|Any CPU
		{7743DF65-2843-4DA4-A1CE-68265DB277B3}.Release|x64.ActiveCfg = Release|Any CPU
		{7743DF65-2843-4DA4-A1CE-68265DB277B3}.Release|x64.Build.0 = Release|Any CPU
		{7743DF65-2843-4DA4-A1CE-68265DB277B3}.Release|x86.ActiveCfg = Release|Any CPU
		{7743DF65-2843-4DA4-A1CE-68265DB277B3}.Release|x86.Build.0 = Release|Any CPU
	EndGlobalSection
	GlobalSection(SolutionProperties) = preSolution
		HideSolutionNode = FALSE
	EndGlobalSection
	GlobalSection(NestedProjects) = preSolution
		{9913ACF3-2C30-4187-A114-86FCC3A081D5} = {CBAC9F91-A22F-40C2-A642-920382CC3DA6}
		{F3413BA9-B186-4437-A495-90CD638A3725} = {CBAC9F91-A22F-40C2-A642-920382CC3DA6}
		{5816E986-02AE-4401-8F25-4AB2B03FC329} = {CBAC9F91-A22F-40C2-A642-920382CC3DA6}
		{2D5B6EC7-61FF-41D2-B661-78CEFA9943D8} = {CBAC9F91-A22F-40C2-A642-920382CC3DA6}
		{AD39CB9B-C984-4E61-9FC8-AD3BC8FD7694} = {CBAC9F91-A22F-40C2-A642-920382CC3DA6}
		{45C07A90-514E-4A03-B3E9-E840FF797F99} = {CBAC9F91-A22F-40C2-A642-920382CC3DA6}
		{6C06ECEE-8F20-4D77-8F6C-74D9A966EDA2} = {CBAC9F91-A22F-40C2-A642-920382CC3DA6}
		{6EEF3AF8-1114-4D0D-AF5A-F25A3F6836DC} = {0AA487CA-DB20-41CA-A4FF-86E370B4E055}
		{7743DF65-2843-4DA4-A1CE-68265DB277B3} = {CBAC9F91-A22F-40C2-A642-920382CC3DA6}
	EndGlobalSection
	GlobalSection(ExtensibilityGlobals) = postSolution
		SolutionGuid = {AA8CB04B-322C-49E0-9CA6-45B3CD4C8A1D}
	EndGlobalSection
EndGlobal
